
Microsoft Visual Studio Solution File, Format Version 12.00
# Visual Studio Version 16
VisualStudioVersion = 16.0.30204.135
MinimumVisualStudioVersion = 10.0.40219.1
Project("{8BC9CEB8-8B4A-11D0-8D11-00A0C91BC942}") = "Phong", "Phong.vcxproj", "{F07D2E17-DD84-48F1-B816-746B835FB3A1}"
EndProject
Global
	GlobalSection(SolutionConfigurationPlatforms) = preSolution
		Debug|x64 = Debug|x64
		Debug|x86 = Debug|x86
		Release|x64 = Release|x64
		Release|x86 = Release|x86
	EndGlobalSection
	GlobalSection(ProjectConfigurationPlatforms) = postSolution
		{F07D2E17-DD84-48F1-B816-746B835FB3A1}.Debug|x64.ActiveCfg = Debug|x64
		{F07D2E17-DD84-48F1-B816-746B835FB3A1}.Debug|x64.Build.0 = Debug|x64
		{F07D2E17-DD84-48F1-B816-746B835FB3A1}.Debug|x86.ActiveCfg = Debug|Win32
		{F07D2E17-DD84-48F1-B816-746B835FB3A1}.Debug|x86.Build.0 = Debug|Win32
		{F07D2E17-DD84-48F1-B816-746B835FB3A1}.Release|x64.ActiveCfg = Release|x64
		{F07D2E17-DD84-48F1-B816-746B835FB3A1}.Release|x64.Build.0 = Release|x64
		{F07D2E17-DD84-48F1-B816-746B835FB3A1}.Release|x86.ActiveCfg = Release|Win32
		{F07D2E17-DD84-48F1-B816-746B835FB3A1}.Release|x86.Build.0 = Release|Win32
	EndGlobalSection
	GlobalSection(SolutionProperties) = preSolution
		HideSolutionNode = FALSE
	EndGlobalSection
	GlobalSection(ExtensibilityGlobals) = postSolution
		SolutionGuid = {C4DFC244-EE0E-4BAD-9D78-AAA408E9DB93}
	EndGlobalSection
EndGlobal
